
Microsoft Visual Studio Solution File, Format Version 12.00
# Visual Studio Version 16
VisualStudioVersion = 16.0.29503.13
MinimumVisualStudioVersion = 10.0.40219.1
Project("{FAE04EC0-301F-11D3-BF4B-00C04F79EFBC}") = "Caculator_1", "Caculator_1.csproj", "{3CF1DFF8-0FB7-4280-8985-9693194DAD37}"
EndProject
Global
	GlobalSection(SolutionConfigurationPlatforms) = preSolution
		Debug|Any CPU = Debug|Any CPU
		Release|Any CPU = Release|Any CPU
	EndGlobalSection
	GlobalSection(ProjectConfigurationPlatforms) = postSolution
		{3CF1DFF8-0FB7-4280-8985-9693194DAD37}.Debug|Any CPU.ActiveCfg = Debug|Any CPU
		{3CF1DFF8-0FB7-4280-8985-9693194DAD37}.Debug|Any CPU.Build.0 = Debug|Any CPU
		{3CF1DFF8-0FB7-4280-8985-9693194DAD37}.Release|Any CPU.ActiveCfg = Release|Any CPU
		{3CF1DFF8-0FB7-4280-8985-9693194DAD37}.Release|Any CPU.Build.0 = Release|Any CPU
	EndGlobalSection
	GlobalSection(SolutionProperties) = preSolution
		HideSolutionNode = FALSE
	EndGlobalSection
	GlobalSection(ExtensibilityGlobals) = postSolution
		SolutionGuid = {E58674B6-6776-44E5-A8F5-75FDE9347B4B}
	EndGlobalSection
EndGlobal
