
Microsoft Visual Studio Solution File, Format Version 12.00
# Visual Studio Version 16
VisualStudioVersion = 16.0.30104.148
MinimumVisualStudioVersion = 10.0.40219.1
Project("{FAE04EC0-301F-11D3-BF4B-00C04F79EFBC}") = "Homework7", "Homework7.csproj", "{EBF48915-A594-49BC-B34E-4D3558209991}"
EndProject
Global
	GlobalSection(SolutionConfigurationPlatforms) = preSolution
		Debug|Any CPU = Debug|Any CPU
		Release|Any CPU = Release|Any CPU
	EndGlobalSection
	GlobalSection(ProjectConfigurationPlatforms) = postSolution
		{EBF48915-A594-49BC-B34E-4D3558209991}.Debug|Any CPU.ActiveCfg = Debug|Any CPU
		{EBF48915-A594-49BC-B34E-4D3558209991}.Debug|Any CPU.Build.0 = Debug|Any CPU
		{EBF48915-A594-49BC-B34E-4D3558209991}.Release|Any CPU.ActiveCfg = Release|Any CPU
		{EBF48915-A594-49BC-B34E-4D3558209991}.Release|Any CPU.Build.0 = Release|Any CPU
	EndGlobalSection
	GlobalSection(SolutionProperties) = preSolution
		HideSolutionNode = FALSE
	EndGlobalSection
	GlobalSection(ExtensibilityGlobals) = postSolution
		SolutionGuid = {9ECB21C2-10F2-4A0B-9FD4-0FF8A322D7C0}
	EndGlobalSection
EndGlobal
