
Microsoft Visual Studio Solution File, Format Version 12.00
# Visual Studio Version 16
VisualStudioVersion = 16.0.29503.13
MinimumVisualStudioVersion = 10.0.40219.1
Project("{FAE04EC0-301F-11D3-BF4B-00C04F79EFBC}") = "Homework3", "Homework3.csproj", "{7411E077-EF3D-41DD-A7EB-D2DEBB1BC8C6}"
EndProject
Global
	GlobalSection(SolutionConfigurationPlatforms) = preSolution
		Debug|Any CPU = Debug|Any CPU
		Release|Any CPU = Release|Any CPU
	EndGlobalSection
	GlobalSection(ProjectConfigurationPlatforms) = postSolution
		{7411E077-EF3D-41DD-A7EB-D2DEBB1BC8C6}.Debug|Any CPU.ActiveCfg = Debug|Any CPU
		{7411E077-EF3D-41DD-A7EB-D2DEBB1BC8C6}.Debug|Any CPU.Build.0 = Debug|Any CPU
		{7411E077-EF3D-41DD-A7EB-D2DEBB1BC8C6}.Release|Any CPU.ActiveCfg = Release|Any CPU
		{7411E077-EF3D-41DD-A7EB-D2DEBB1BC8C6}.Release|Any CPU.Build.0 = Release|Any CPU
	EndGlobalSection
	GlobalSection(SolutionProperties) = preSolution
		HideSolutionNode = FALSE
	EndGlobalSection
	GlobalSection(ExtensibilityGlobals) = postSolution
		SolutionGuid = {09227E20-3226-4DAB-8560-563F7708F10F}
	EndGlobalSection
EndGlobal
